{
  "name": "dashboard-data-vizualizer",
  "lockfileVersion": 3,
  "requires": true,
  "packages": {
    "": {
      "devDependencies": {
        "@types/path-browserify": "^1.0.3"
      }
    },
    "node_modules/@types/path-browserify": {
      "version": "1.0.3",
      "resolved": "https://registry.npmjs.org/@types/path-browserify/-/path-browserify-1.0.3.tgz",
      "integrity": "sha512-ZmHivEbNCBtAfcrFeBCiTjdIc2dey0l7oCGNGpSuRTy8jP6UVND7oUowlvDujBy8r2Hoa8bfFUOCiPWfmtkfxw==",
      "dev": true,
      "license": "MIT"
    }
  }
}
